
Microsoft Visual Studio Solution File, Format Version 12.00
# Visual Studio 15
Project("{FAE04EC0-301F-11D3-BF4B-00C04F79EFBC}") = "UnityEngine.TestRunner", "UnityEngine.TestRunner.csproj", "{527A98F5-8CB7-C344-D112-FD0C0FE70BBD}"
EndProject
Project("{FAE04EC0-301F-11D3-BF4B-00C04F79EFBC}") = "Unity.VisualScripting.Flow", "Unity.VisualScripting.Flow.csproj", "{312EB335-195A-5352-04C7-343FA0595DAC}"
EndProject
Project("{FAE04EC0-301F-11D3-BF4B-00C04F79EFBC}") = "Unity.Services.Core.Telemetry", "Unity.Services.Core.Telemetry.csproj", "{DB299A43-D27D-12BE-659C-426A97D83EA7}"
EndProject
Project("{FAE04EC0-301F-11D3-BF4B-00C04F79EFBC}") = "Unity.VisualScripting.State", "Unity.VisualScripting.State.csproj", "{C4B97C60-8885-DE19-0B0C-E975E5E37600}"
EndProject
Project("{FAE04EC0-301F-11D3-BF4B-00C04F79EFBC}") = "Unity.VisualScripting.Core", "Unity.VisualScripting.Core.csproj", "{B47D2BAC-11C1-37F0-3747-73B3BC329FD5}"
EndProject
Project("{FAE04EC0-301F-11D3-BF4B-00C04F79EFBC}") = "Unity.Services.Core.Environments.Internal", "Unity.Services.Core.Environments.Internal.csproj", "{118350D1-8BFD-96B3-DEF5-6C18CF0DB855}"
EndProject
Project("{FAE04EC0-301F-11D3-BF4B-00C04F79EFBC}") = "Unity.TextMeshPro", "Unity.TextMeshPro.csproj", "{542EF34A-B3BC-346F-2786-4B42EA1328FC}"
EndProject
Project("{FAE04EC0-301F-11D3-BF4B-00C04F79EFBC}") = "Unity.Timeline", "Unity.Timeline.csproj", "{3E5B9C6E-4C1D-1F72-77C5-F7BD318CD0FF}"
EndProject
Project("{FAE04EC0-301F-11D3-BF4B-00C04F79EFBC}") = "Unity.Services.Core.Environments", "Unity.Services.Core.Environments.csproj", "{2FAF47FF-E113-1A8F-A98B-32276135850D}"
EndProject
Project("{FAE04EC0-301F-11D3-BF4B-00C04F79EFBC}") = "Unity.Services.Core.Internal", "Unity.Services.Core.Internal.csproj", "{D6549F5F-AEA1-568C-72F9-D06406DECE96}"
EndProject
Project("{FAE04EC0-301F-11D3-BF4B-00C04F79EFBC}") = "Unity.Services.Core.Analytics", "Unity.Services.Core.Analytics.csproj", "{7BD75BF6-80DA-F364-91CB-42C5F8A6CC5F}"
EndProject
Project("{FAE04EC0-301F-11D3-BF4B-00C04F79EFBC}") = "Unity.Services.Core.Scheduler", "Unity.Services.Core.Scheduler.csproj", "{D3BD0B30-1CBC-5E20-0964-D0736919A180}"
EndProject
Project("{FAE04EC0-301F-11D3-BF4B-00C04F79EFBC}") = "Unity.Services.Core.Registration", "Unity.Services.Core.Registration.csproj", "{C3FEBEFC-52F5-A913-AE18-6E23AC566FB4}"
EndProject
Project("{FAE04EC0-301F-11D3-BF4B-00C04F79EFBC}") = "Unity.Services.Core.Device", "Unity.Services.Core.Device.csproj", "{284298B8-EB00-3221-BC3D-52940B1939B4}"
EndProject
Project("{FAE04EC0-301F-11D3-BF4B-00C04F79EFBC}") = "Unity.Services.Core.Threading", "Unity.Services.Core.Threading.csproj", "{6AD7D73E-AA0C-9812-A23B-EBD6FB594380}"
EndProject
Project("{FAE04EC0-301F-11D3-BF4B-00C04F79EFBC}") = "Unity.Services.Core.Networking", "Unity.Services.Core.Networking.csproj", "{C5BBADC0-26FC-A8AD-9F05-30EA1BBB388B}"
EndProject
Project("{FAE04EC0-301F-11D3-BF4B-00C04F79EFBC}") = "Unity.Services.Core", "Unity.Services.Core.csproj", "{E3B020C3-81DC-FFB6-C633-8C4671FA7A0E}"
EndProject
Project("{FAE04EC0-301F-11D3-BF4B-00C04F79EFBC}") = "Unity.Services.Core.Configuration", "Unity.Services.Core.Configuration.csproj", "{04075AF3-959C-160C-29F2-0513AFEC5C27}"
EndProject
Project("{FAE04EC0-301F-11D3-BF4B-00C04F79EFBC}") = "Unity.PlasticSCM.Editor", "Unity.PlasticSCM.Editor.csproj", "{21116756-C29B-E175-5411-8668DE4E0EDD}"
EndProject
Project("{FAE04EC0-301F-11D3-BF4B-00C04F79EFBC}") = "Unity.VisualScripting.Core.Editor", "Unity.VisualScripting.Core.Editor.csproj", "{3641ED30-FDF8-743E-62FF-C2B04745F94A}"
EndProject
Project("{FAE04EC0-301F-11D3-BF4B-00C04F79EFBC}") = "Unity.VisualScripting.Flow.Editor", "Unity.VisualScripting.Flow.Editor.csproj", "{6E085C68-B90F-18DB-E1FA-C45D6F55618C}"
EndProject
Project("{FAE04EC0-301F-11D3-BF4B-00C04F79EFBC}") = "Unity.VisualStudio.Editor", "Unity.VisualStudio.Editor.csproj", "{D655A188-2EA9-C33E-5019-ABA2C77EC1D0}"
EndProject
Project("{FAE04EC0-301F-11D3-BF4B-00C04F79EFBC}") = "Unity.Timeline.Editor", "Unity.Timeline.Editor.csproj", "{EF6753ED-F2FF-0C85-92B8-B4FFD9947D63}"
EndProject
Project("{FAE04EC0-301F-11D3-BF4B-00C04F79EFBC}") = "Unity.VisualScripting.State.Editor", "Unity.VisualScripting.State.Editor.csproj", "{EE028C8B-BCC0-5F45-E1DC-34B866513067}"
EndProject
Project("{FAE04EC0-301F-11D3-BF4B-00C04F79EFBC}") = "Unity.TextMeshPro.Editor", "Unity.TextMeshPro.Editor.csproj", "{1E5AAE1E-03AF-6CE4-823F-248F227B68C7}"
EndProject
Project("{FAE04EC0-301F-11D3-BF4B-00C04F79EFBC}") = "Unity.VisualScripting.SettingsProvider.Editor", "Unity.VisualScripting.SettingsProvider.Editor.csproj", "{F962B26A-489C-16B1-DBD6-BF62C870F6CE}"
EndProject
Project("{FAE04EC0-301F-11D3-BF4B-00C04F79EFBC}") = "Unity.CollabProxy.Editor", "Unity.CollabProxy.Editor.csproj", "{A5841E59-25A8-411F-C879-3A37EA8475EB}"
EndProject
Project("{FAE04EC0-301F-11D3-BF4B-00C04F79EFBC}") = "UnityEditor.TestRunner", "UnityEditor.TestRunner.csproj", "{94ECC087-F5F0-AB18-CE29-FD6595BB7E6B}"
EndProject
Project("{FAE04EC0-301F-11D3-BF4B-00C04F79EFBC}") = "Unity.Services.Core.Editor", "Unity.Services.Core.Editor.csproj", "{7444C24D-6C48-FE41-C306-5DF35B8476D7}"
EndProject
Project("{FAE04EC0-301F-11D3-BF4B-00C04F79EFBC}") = "Unity.TestTools.CodeCoverage.Editor", "Unity.TestTools.CodeCoverage.Editor.csproj", "{A977FF88-3360-5B09-4F1D-50CF05CF3FA8}"
EndProject
Project("{FAE04EC0-301F-11D3-BF4B-00C04F79EFBC}") = "Unity.Rider.Editor", "Unity.Rider.Editor.csproj", "{CD5BDA4D-3721-394F-8513-0D1F7D067E65}"
EndProject
Project("{FAE04EC0-301F-11D3-BF4B-00C04F79EFBC}") = "Unity.Performance.Profile-Analyzer.Editor", "Unity.Performance.Profile-Analyzer.Editor.csproj", "{3F254D3E-D007-C29D-8FF0-B578287DBDF4}"
EndProject
Project("{FAE04EC0-301F-11D3-BF4B-00C04F79EFBC}") = "Unity.VSCode.Editor", "Unity.VSCode.Editor.csproj", "{315E5C74-967C-ECDC-C7B4-4F6414636DE2}"
EndProject
Project("{FAE04EC0-301F-11D3-BF4B-00C04F79EFBC}") = "Unity.TestTools.CodeCoverage.Editor.OpenCover.Model", "Unity.TestTools.CodeCoverage.Editor.OpenCover.Model.csproj", "{AFD5FC28-0F91-C870-E226-409A1D5DFC86}"
EndProject
Project("{FAE04EC0-301F-11D3-BF4B-00C04F79EFBC}") = "Unity.EditorCoroutines.Editor", "Unity.EditorCoroutines.Editor.csproj", "{897D48D6-7089-713A-6FCB-EE7D9C01E14B}"
EndProject
Project("{FAE04EC0-301F-11D3-BF4B-00C04F79EFBC}") = "Unity.Settings.Editor", "Unity.Settings.Editor.csproj", "{842B08E5-DE1B-1E93-B430-921A2F82FF4A}"
EndProject
Project("{FAE04EC0-301F-11D3-BF4B-00C04F79EFBC}") = "Unity.Services.Core.Configuration.Editor", "Unity.Services.Core.Configuration.Editor.csproj", "{C26DC00E-E173-3F8A-FFC9-BE7BF30BF281}"
EndProject
Project("{FAE04EC0-301F-11D3-BF4B-00C04F79EFBC}") = "Unity.TestTools.CodeCoverage.Editor.OpenCover.Mono.Reflection", "Unity.TestTools.CodeCoverage.Editor.OpenCover.Mono.Reflection.csproj", "{49E9508D-6291-FB3D-121D-71BE1C2AA153}"
EndProject
Project("{FAE04EC0-301F-11D3-BF4B-00C04F79EFBC}") = "Unity.VisualScripting.Shared.Editor", "Unity.VisualScripting.Shared.Editor.csproj", "{27CBE5FF-CF41-2BB4-E532-73A5D679206B}"
EndProject
Global
	GlobalSection(SolutionConfigurationPlatforms) = preSolution
		Debug|Any CPU = Debug|Any CPU
		Release|Any CPU = Release|Any CPU
	EndGlobalSection
	GlobalSection(ProjectConfigurationPlatforms) = postSolution
		{527A98F5-8CB7-C344-D112-FD0C0FE70BBD}.Debug|Any CPU.ActiveCfg = Debug|Any CPU
		{527A98F5-8CB7-C344-D112-FD0C0FE70BBD}.Debug|Any CPU.Build.0 = Debug|Any CPU
		{527A98F5-8CB7-C344-D112-FD0C0FE70BBD}.Release|Any CPU.ActiveCfg = Release|Any CPU
		{527A98F5-8CB7-C344-D112-FD0C0FE70BBD}.Release|Any CPU.Build.0 = Release|Any CPU
		{312EB335-195A-5352-04C7-343FA0595DAC}.Debug|Any CPU.ActiveCfg = Debug|Any CPU
		{312EB335-195A-5352-04C7-343FA0595DAC}.Debug|Any CPU.Build.0 = Debug|Any CPU
		{312EB335-195A-5352-04C7-343FA0595DAC}.Release|Any CPU.ActiveCfg = Release|Any CPU
		{312EB335-195A-5352-04C7-343FA0595DAC}.Release|Any CPU.Build.0 = Release|Any CPU
		{DB299A43-D27D-12BE-659C-426A97D83EA7}.Debug|Any CPU.ActiveCfg = Debug|Any CPU
		{DB299A43-D27D-12BE-659C-426A97D83EA7}.Debug|Any CPU.Build.0 = Debug|Any CPU
		{DB299A43-D27D-12BE-659C-426A97D83EA7}.Release|Any CPU.ActiveCfg = Release|Any CPU
		{DB299A43-D27D-12BE-659C-426A97D83EA7}.Release|Any CPU.Build.0 = Release|Any CPU
		{C4B97C60-8885-DE19-0B0C-E975E5E37600}.Debug|Any CPU.ActiveCfg = Debug|Any CPU
		{C4B97C60-8885-DE19-0B0C-E975E5E37600}.Debug|Any CPU.Build.0 = Debug|Any CPU
		{C4B97C60-8885-DE19-0B0C-E975E5E37600}.Release|Any CPU.ActiveCfg = Release|Any CPU
		{C4B97C60-8885-DE19-0B0C-E975E5E37600}.Release|Any CPU.Build.0 = Release|Any CPU
		{B47D2BAC-11C1-37F0-3747-73B3BC329FD5}.Debug|Any CPU.ActiveCfg = Debug|Any CPU
		{B47D2BAC-11C1-37F0-3747-73B3BC329FD5}.Debug|Any CPU.Build.0 = Debug|Any CPU
		{B47D2BAC-11C1-37F0-3747-73B3BC329FD5}.Release|Any CPU.ActiveCfg = Release|Any CPU
		{B47D2BAC-11C1-37F0-3747-73B3BC329FD5}.Release|Any CPU.Build.0 = Release|Any CPU
		{118350D1-8BFD-96B3-DEF5-6C18CF0DB855}.Debug|Any CPU.ActiveCfg = Debug|Any CPU
		{118350D1-8BFD-96B3-DEF5-6C18CF0DB855}.Debug|Any CPU.Build.0 = Debug|Any CPU
		{118350D1-8BFD-96B3-DEF5-6C18CF0DB855}.Release|Any CPU.ActiveCfg = Release|Any CPU
		{118350D1-8BFD-96B3-DEF5-6C18CF0DB855}.Release|Any CPU.Build.0 = Release|Any CPU
		{542EF34A-B3BC-346F-2786-4B42EA1328FC}.Debug|Any CPU.ActiveCfg = Debug|Any CPU
		{542EF34A-B3BC-346F-2786-4B42EA1328FC}.Debug|Any CPU.Build.0 = Debug|Any CPU
		{542EF34A-B3BC-346F-2786-4B42EA1328FC}.Release|Any CPU.ActiveCfg = Release|Any CPU
		{542EF34A-B3BC-346F-2786-4B42EA1328FC}.Release|Any CPU.Build.0 = Release|Any CPU
		{3E5B9C6E-4C1D-1F72-77C5-F7BD318CD0FF}.Debug|Any CPU.ActiveCfg = Debug|Any CPU
		{3E5B9C6E-4C1D-1F72-77C5-F7BD318CD0FF}.Debug|Any CPU.Build.0 = Debug|Any CPU
		{3E5B9C6E-4C1D-1F72-77C5-F7BD318CD0FF}.Release|Any CPU.ActiveCfg = Release|Any CPU
		{3E5B9C6E-4C1D-1F72-77C5-F7BD318CD0FF}.Release|Any CPU.Build.0 = Release|Any CPU
		{2FAF47FF-E113-1A8F-A98B-32276135850D}.Debug|Any CPU.ActiveCfg = Debug|Any CPU
		{2FAF47FF-E113-1A8F-A98B-32276135850D}.Debug|Any CPU.Build.0 = Debug|Any CPU
		{2FAF47FF-E113-1A8F-A98B-32276135850D}.Release|Any CPU.ActiveCfg = Release|Any CPU
		{2FAF47FF-E113-1A8F-A98B-32276135850D}.Release|Any CPU.Build.0 = Release|Any CPU
		{D6549F5F-AEA1-568C-72F9-D06406DECE96}.Debug|Any CPU.ActiveCfg = Debug|Any CPU
		{D6549F5F-AEA1-568C-72F9-D06406DECE96}.Debug|Any CPU.Build.0 = Debug|Any CPU
		{D6549F5F-AEA1-568C-72F9-D06406DECE96}.Release|Any CPU.ActiveCfg = Release|Any CPU
		{D6549F5F-AEA1-568C-72F9-D06406DECE96}.Release|Any CPU.Build.0 = Release|Any CPU
		{7BD75BF6-80DA-F364-91CB-42C5F8A6CC5F}.Debug|Any CPU.ActiveCfg = Debug|Any CPU
		{7BD75BF6-80DA-F364-91CB-42C5F8A6CC5F}.Debug|Any CPU.Build.0 = Debug|Any CPU
		{7BD75BF6-80DA-F364-91CB-42C5F8A6CC5F}.Release|Any CPU.ActiveCfg = Release|Any CPU
		{7BD75BF6-80DA-F364-91CB-42C5F8A6CC5F}.Release|Any CPU.Build.0 = Release|Any CPU
		{D3BD0B30-1CBC-5E20-0964-D0736919A180}.Debug|Any CPU.ActiveCfg = Debug|Any CPU
		{D3BD0B30-1CBC-5E20-0964-D0736919A180}.Debug|Any CPU.Build.0 = Debug|Any CPU
		{D3BD0B30-1CBC-5E20-0964-D0736919A180}.Release|Any CPU.ActiveCfg = Release|Any CPU
		{D3BD0B30-1CBC-5E20-0964-D0736919A180}.Release|Any CPU.Build.0 = Release|Any CPU
		{C3FEBEFC-52F5-A913-AE18-6E23AC566FB4}.Debug|Any CPU.ActiveCfg = Debug|Any CPU
		{C3FEBEFC-52F5-A913-AE18-6E23AC566FB4}.Debug|Any CPU.Build.0 = Debug|Any CPU
		{C3FEBEFC-52F5-A913-AE18-6E23AC566FB4}.Release|Any CPU.ActiveCfg = Release|Any CPU
		{C3FEBEFC-52F5-A913-AE18-6E23AC566FB4}.Release|Any CPU.Build.0 = Release|Any CPU
		{284298B8-EB00-3221-BC3D-52940B1939B4}.Debug|Any CPU.ActiveCfg = Debug|Any CPU
		{284298B8-EB00-3221-BC3D-52940B1939B4}.Debug|Any CPU.Build.0 = Debug|Any CPU
		{284298B8-EB00-3221-BC3D-52940B1939B4}.Release|Any CPU.ActiveCfg = Release|Any CPU
		{284298B8-EB00-3221-BC3D-52940B1939B4}.Release|Any CPU.Build.0 = Release|Any CPU
		{6AD7D73E-AA0C-9812-A23B-EBD6FB594380}.Debug|Any CPU.ActiveCfg = Debug|Any CPU
		{6AD7D73E-AA0C-9812-A23B-EBD6FB594380}.Debug|Any CPU.Build.0 = Debug|Any CPU
		{6AD7D73E-AA0C-9812-A23B-EBD6FB594380}.Release|Any CPU.ActiveCfg = Release|Any CPU
		{6AD7D73E-AA0C-9812-A23B-EBD6FB594380}.Release|Any CPU.Build.0 = Release|Any CPU
		{C5BBADC0-26FC-A8AD-9F05-30EA1BBB388B}.Debug|Any CPU.ActiveCfg = Debug|Any CPU
		{C5BBADC0-26FC-A8AD-9F05-30EA1BBB388B}.Debug|Any CPU.Build.0 = Debug|Any CPU
		{C5BBADC0-26FC-A8AD-9F05-30EA1BBB388B}.Release|Any CPU.ActiveCfg = Release|Any CPU
		{C5BBADC0-26FC-A8AD-9F05-30EA1BBB388B}.Release|Any CPU.Build.0 = Release|Any CPU
		{E3B020C3-81DC-FFB6-C633-8C4671FA7A0E}.Debug|Any CPU.ActiveCfg = Debug|Any CPU
		{E3B020C3-81DC-FFB6-C633-8C4671FA7A0E}.Debug|Any CPU.Build.0 = Debug|Any CPU
		{E3B020C3-81DC-FFB6-C633-8C4671FA7A0E}.Release|Any CPU.ActiveCfg = Release|Any CPU
		{E3B020C3-81DC-FFB6-C633-8C4671FA7A0E}.Release|Any CPU.Build.0 = Release|Any CPU
		{04075AF3-959C-160C-29F2-0513AFEC5C27}.Debug|Any CPU.ActiveCfg = Debug|Any CPU
		{04075AF3-959C-160C-29F2-0513AFEC5C27}.Debug|Any CPU.Build.0 = Debug|Any CPU
		{04075AF3-959C-160C-29F2-0513AFEC5C27}.Release|Any CPU.ActiveCfg = Release|Any CPU
		{04075AF3-959C-160C-29F2-0513AFEC5C27}.Release|Any CPU.Build.0 = Release|Any CPU
		{21116756-C29B-E175-5411-8668DE4E0EDD}.Debug|Any CPU.ActiveCfg = Debug|Any CPU
		{21116756-C29B-E175-5411-8668DE4E0EDD}.Debug|Any CPU.Build.0 = Debug|Any CPU
		{21116756-C29B-E175-5411-8668DE4E0EDD}.Release|Any CPU.ActiveCfg = Release|Any CPU
		{21116756-C29B-E175-5411-8668DE4E0EDD}.Release|Any CPU.Build.0 = Release|Any CPU
		{3641ED30-FDF8-743E-62FF-C2B04745F94A}.Debug|Any CPU.ActiveCfg = Debug|Any CPU
		{3641ED30-FDF8-743E-62FF-C2B04745F94A}.Debug|Any CPU.Build.0 = Debug|Any CPU
		{3641ED30-FDF8-743E-62FF-C2B04745F94A}.Release|Any CPU.ActiveCfg = Release|Any CPU
		{3641ED30-FDF8-743E-62FF-C2B04745F94A}.Release|Any CPU.Build.0 = Release|Any CPU
		{6E085C68-B90F-18DB-E1FA-C45D6F55618C}.Debug|Any CPU.ActiveCfg = Debug|Any CPU
		{6E085C68-B90F-18DB-E1FA-C45D6F55618C}.Debug|Any CPU.Build.0 = Debug|Any CPU
		{6E085C68-B90F-18DB-E1FA-C45D6F55618C}.Release|Any CPU.ActiveCfg = Release|Any CPU
		{6E085C68-B90F-18DB-E1FA-C45D6F55618C}.Release|Any CPU.Build.0 = Release|Any CPU
		{D655A188-2EA9-C33E-5019-ABA2C77EC1D0}.Debug|Any CPU.ActiveCfg = Debug|Any CPU
		{D655A188-2EA9-C33E-5019-ABA2C77EC1D0}.Debug|Any CPU.Build.0 = Debug|Any CPU
		{D655A188-2EA9-C33E-5019-ABA2C77EC1D0}.Release|Any CPU.ActiveCfg = Release|Any CPU
		{D655A188-2EA9-C33E-5019-ABA2C77EC1D0}.Release|Any CPU.Build.0 = Release|Any CPU
		{EF6753ED-F2FF-0C85-92B8-B4FFD9947D63}.Debug|Any CPU.ActiveCfg = Debug|Any CPU
		{EF6753ED-F2FF-0C85-92B8-B4FFD9947D63}.Debug|Any CPU.Build.0 = Debug|Any CPU
		{EF6753ED-F2FF-0C85-92B8-B4FFD9947D63}.Release|Any CPU.ActiveCfg = Release|Any CPU
		{EF6753ED-F2FF-0C85-92B8-B4FFD9947D63}.Release|Any CPU.Build.0 = Release|Any CPU
		{EE028C8B-BCC0-5F45-E1DC-34B866513067}.Debug|Any CPU.ActiveCfg = Debug|Any CPU
		{EE028C8B-BCC0-5F45-E1DC-34B866513067}.Debug|Any CPU.Build.0 = Debug|Any CPU
		{EE028C8B-BCC0-5F45-E1DC-34B866513067}.Release|Any CPU.ActiveCfg = Release|Any CPU
		{EE028C8B-BCC0-5F45-E1DC-34B866513067}.Release|Any CPU.Build.0 = Release|Any CPU
		{1E5AAE1E-03AF-6CE4-823F-248F227B68C7}.Debug|Any CPU.ActiveCfg = Debug|Any CPU
		{1E5AAE1E-03AF-6CE4-823F-248F227B68C7}.Debug|Any CPU.Build.0 = Debug|Any CPU
		{1E5AAE1E-03AF-6CE4-823F-248F227B68C7}.Release|Any CPU.ActiveCfg = Release|Any CPU
		{1E5AAE1E-03AF-6CE4-823F-248F227B68C7}.Release|Any CPU.Build.0 = Release|Any CPU
		{F962B26A-489C-16B1-DBD6-BF62C870F6CE}.Debug|Any CPU.ActiveCfg = Debug|Any CPU
		{F962B26A-489C-16B1-DBD6-BF62C870F6CE}.Debug|Any CPU.Build.0 = Debug|Any CPU
		{F962B26A-489C-16B1-DBD6-BF62C870F6CE}.Release|Any CPU.ActiveCfg = Release|Any CPU
		{F962B26A-489C-16B1-DBD6-BF62C870F6CE}.Release|Any CPU.Build.0 = Release|Any CPU
		{A5841E59-25A8-411F-C879-3A37EA8475EB}.Debug|Any CPU.ActiveCfg = Debug|Any CPU
		{A5841E59-25A8-411F-C879-3A37EA8475EB}.Debug|Any CPU.Build.0 = Debug|Any CPU
		{A5841E59-25A8-411F-C879-3A37EA8475EB}.Release|Any CPU.ActiveCfg = Release|Any CPU
		{A5841E59-25A8-411F-C879-3A37EA8475EB}.Release|Any CPU.Build.0 = Release|Any CPU
		{94ECC087-F5F0-AB18-CE29-FD6595BB7E6B}.Debug|Any CPU.ActiveCfg = Debug|Any CPU
		{94ECC087-F5F0-AB18-CE29-FD6595BB7E6B}.Debug|Any CPU.Build.0 = Debug|Any CPU
		{94ECC087-F5F0-AB18-CE29-FD6595BB7E6B}.Release|Any CPU.ActiveCfg = Release|Any CPU
		{94ECC087-F5F0-AB18-CE29-FD6595BB7E6B}.Release|Any CPU.Build.0 = Release|Any CPU
		{7444C24D-6C48-FE41-C306-5DF35B8476D7}.Debug|Any CPU.ActiveCfg = Debug|Any CPU
		{7444C24D-6C48-FE41-C306-5DF35B8476D7}.Debug|Any CPU.Build.0 = Debug|Any CPU
		{7444C24D-6C48-FE41-C306-5DF35B8476D7}.Release|Any CPU.ActiveCfg = Release|Any CPU
		{7444C24D-6C48-FE41-C306-5DF35B8476D7}.Release|Any CPU.Build.0 = Release|Any CPU
		{A977FF88-3360-5B09-4F1D-50CF05CF3FA8}.Debug|Any CPU.ActiveCfg = Debug|Any CPU
		{A977FF88-3360-5B09-4F1D-50CF05CF3FA8}.Debug|Any CPU.Build.0 = Debug|Any CPU
		{A977FF88-3360-5B09-4F1D-50CF05CF3FA8}.Release|Any CPU.ActiveCfg = Release|Any CPU
		{A977FF88-3360-5B09-4F1D-50CF05CF3FA8}.Release|Any CPU.Build.0 = Release|Any CPU
		{CD5BDA4D-3721-394F-8513-0D1F7D067E65}.Debug|Any CPU.ActiveCfg = Debug|Any CPU
		{CD5BDA4D-3721-394F-8513-0D1F7D067E65}.Debug|Any CPU.Build.0 = Debug|Any CPU
		{CD5BDA4D-3721-394F-8513-0D1F7D067E65}.Release|Any CPU.ActiveCfg = Release|Any CPU
		{CD5BDA4D-3721-394F-8513-0D1F7D067E65}.Release|Any CPU.Build.0 = Release|Any CPU
		{3F254D3E-D007-C29D-8FF0-B578287DBDF4}.Debug|Any CPU.ActiveCfg = Debug|Any CPU
		{3F254D3E-D007-C29D-8FF0-B578287DBDF4}.Debug|Any CPU.Build.0 = Debug|Any CPU
		{3F254D3E-D007-C29D-8FF0-B578287DBDF4}.Release|Any CPU.ActiveCfg = Release|Any CPU
		{3F254D3E-D007-C29D-8FF0-B578287DBDF4}.Release|Any CPU.Build.0 = Release|Any CPU
		{315E5C74-967C-ECDC-C7B4-4F6414636DE2}.Debug|Any CPU.ActiveCfg = Debug|Any CPU
		{315E5C74-967C-ECDC-C7B4-4F6414636DE2}.Debug|Any CPU.Build.0 = Debug|Any CPU
		{315E5C74-967C-ECDC-C7B4-4F6414636DE2}.Release|Any CPU.ActiveCfg = Release|Any CPU
		{315E5C74-967C-ECDC-C7B4-4F6414636DE2}.Release|Any CPU.Build.0 = Release|Any CPU
		{AFD5FC28-0F91-C870-E226-409A1D5DFC86}.Debug|Any CPU.ActiveCfg = Debug|Any CPU
		{AFD5FC28-0F91-C870-E226-409A1D5DFC86}.Debug|Any CPU.Build.0 = Debug|Any CPU
		{AFD5FC28-0F91-C870-E226-409A1D5DFC86}.Release|Any CPU.ActiveCfg = Release|Any CPU
		{AFD5FC28-0F91-C870-E226-409A1D5DFC86}.Release|Any CPU.Build.0 = Release|Any CPU
		{897D48D6-7089-713A-6FCB-EE7D9C01E14B}.Debug|Any CPU.ActiveCfg = Debug|Any CPU
		{897D48D6-7089-713A-6FCB-EE7D9C01E14B}.Debug|Any CPU.Build.0 = Debug|Any CPU
		{897D48D6-7089-713A-6FCB-EE7D9C01E14B}.Release|Any CPU.ActiveCfg = Release|Any CPU
		{897D48D6-7089-713A-6FCB-EE7D9C01E14B}.Release|Any CPU.Build.0 = Release|Any CPU
		{842B08E5-DE1B-1E93-B430-921A2F82FF4A}.Debug|Any CPU.ActiveCfg = Debug|Any CPU
		{842B08E5-DE1B-1E93-B430-921A2F82FF4A}.Debug|Any CPU.Build.0 = Debug|Any CPU
		{842B08E5-DE1B-1E93-B430-921A2F82FF4A}.Release|Any CPU.ActiveCfg = Release|Any CPU
		{842B08E5-DE1B-1E93-B430-921A2F82FF4A}.Release|Any CPU.Build.0 = Release|Any CPU
		{C26DC00E-E173-3F8A-FFC9-BE7BF30BF281}.Debug|Any CPU.ActiveCfg = Debug|Any CPU
		{C26DC00E-E173-3F8A-FFC9-BE7BF30BF281}.Debug|Any CPU.Build.0 = Debug|Any CPU
		{C26DC00E-E173-3F8A-FFC9-BE7BF30BF281}.Release|Any CPU.ActiveCfg = Release|Any CPU
		{C26DC00E-E173-3F8A-FFC9-BE7BF30BF281}.Release|Any CPU.Build.0 = Release|Any CPU
		{49E9508D-6291-FB3D-121D-71BE1C2AA153}.Debug|Any CPU.ActiveCfg = Debug|Any CPU
		{49E9508D-6291-FB3D-121D-71BE1C2AA153}.Debug|Any CPU.Build.0 = Debug|Any CPU
		{49E9508D-6291-FB3D-121D-71BE1C2AA153}.Release|Any CPU.ActiveCfg = Release|Any CPU
		{49E9508D-6291-FB3D-121D-71BE1C2AA153}.Release|Any CPU.Build.0 = Release|Any CPU
		{27CBE5FF-CF41-2BB4-E532-73A5D679206B}.Debug|Any CPU.ActiveCfg = Debug|Any CPU
		{27CBE5FF-CF41-2BB4-E532-73A5D679206B}.Debug|Any CPU.Build.0 = Debug|Any CPU
		{27CBE5FF-CF41-2BB4-E532-73A5D679206B}.Release|Any CPU.ActiveCfg = Release|Any CPU
		{27CBE5FF-CF41-2BB4-E532-73A5D679206B}.Release|Any CPU.Build.0 = Release|Any CPU
	EndGlobalSection
	GlobalSection(SolutionProperties) = preSolution
		HideSolutionNode = FALSE
	EndGlobalSection
EndGlobal
